
Microsoft Visual Studio Solution File, Format Version 12.00
# Visual Studio Version 16
VisualStudioVersion = 16.0.28315.86
MinimumVisualStudioVersion = 10.0.40219.1
Project("{2150E333-8FDC-42A3-9474-1A3956D46DE8}") = "Engine", "Engine", "{C9D320FA-CDAC-49BB-8CB7-9BA8EF935DD8}"
EndProject
Project("{2150E333-8FDC-42A3-9474-1A3956D46DE8}") = "Games", "Games", "{153473AA-C674-4C03-9F34-5C2069358203}"
EndProject
Project("{8BC9CEB8-8B4A-11D0-8D11-00A0C91BC942}") = "UE4", "Intermediate\ProjectFiles\UE4.vcxproj", "{26F16734-C22B-4C51-B7DA-8D70DBFD81E6}"
EndProject
Project("{8BC9CEB8-8B4A-11D0-8D11-00A0C91BC942}") = "beatRush", "Intermediate\ProjectFiles\beatRush.vcxproj", "{A5FE6CEA-92B1-4C29-B145-9901440A61E2}"
EndProject
Project("{2150E333-8FDC-42A3-9474-1A3956D46DE8}") = "Visualizers", "Visualizers", "{656EEC1E-A00D-4902-897A-C97E6F60C69D}"
	ProjectSection(SolutionItems) = preProject
		C:\Program Files\Epic Games\UE_4.22\Engine\Extras\VisualStudioDebugging\UE4.natvis = C:\Program Files\Epic Games\UE_4.22\Engine\Extras\VisualStudioDebugging\UE4.natvis
	EndProjectSection
EndProject
Global
	GlobalSection(SolutionConfigurationPlatforms) = preSolution
		DebugGame Editor|Android = DebugGame Editor|Android
		DebugGame Editor|Linux = DebugGame Editor|Linux
		DebugGame Editor|Win32 = DebugGame Editor|Win32
		DebugGame Editor|Win64 = DebugGame Editor|Win64
		DebugGame|Android = DebugGame|Android
		DebugGame|Linux = DebugGame|Linux
		DebugGame|Win32 = DebugGame|Win32
		DebugGame|Win64 = DebugGame|Win64
		Development Editor|Android = Development Editor|Android
		Development Editor|Linux = Development Editor|Linux
		Development Editor|Win32 = Development Editor|Win32
		Development Editor|Win64 = Development Editor|Win64
		Development|Android = Development|Android
		Development|Linux = Development|Linux
		Development|Win32 = Development|Win32
		Development|Win64 = Development|Win64
		Shipping|Android = Shipping|Android
		Shipping|Linux = Shipping|Linux
		Shipping|Win32 = Shipping|Win32
		Shipping|Win64 = Shipping|Win64
	EndGlobalSection
	GlobalSection(ProjectConfigurationPlatforms) = postSolution
		{26F16734-C22B-4C51-B7DA-8D70DBFD81E6}.DebugGame Editor|Android.ActiveCfg = BuiltWithUnrealBuildTool|Win32
		{26F16734-C22B-4C51-B7DA-8D70DBFD81E6}.DebugGame Editor|Linux.ActiveCfg = BuiltWithUnrealBuildTool|Win32
		{26F16734-C22B-4C51-B7DA-8D70DBFD81E6}.DebugGame Editor|Win32.ActiveCfg = BuiltWithUnrealBuildTool|Win32
		{26F16734-C22B-4C51-B7DA-8D70DBFD81E6}.DebugGame Editor|Win64.ActiveCfg = BuiltWithUnrealBuildTool|Win32
		{26F16734-C22B-4C51-B7DA-8D70DBFD81E6}.DebugGame|Android.ActiveCfg = BuiltWithUnrealBuildTool|Win32
		{26F16734-C22B-4C51-B7DA-8D70DBFD81E6}.DebugGame|Linux.ActiveCfg = BuiltWithUnrealBuildTool|Win32
		{26F16734-C22B-4C51-B7DA-8D70DBFD81E6}.DebugGame|Win32.ActiveCfg = BuiltWithUnrealBuildTool|Win32
		{26F16734-C22B-4C51-B7DA-8D70DBFD81E6}.DebugGame|Win64.ActiveCfg = BuiltWithUnrealBuildTool|Win32
		{26F16734-C22B-4C51-B7DA-8D70DBFD81E6}.Development Editor|Android.ActiveCfg = BuiltWithUnrealBuildTool|Win32
		{26F16734-C22B-4C51-B7DA-8D70DBFD81E6}.Development Editor|Linux.ActiveCfg = BuiltWithUnrealBuildTool|Win32
		{26F16734-C22B-4C51-B7DA-8D70DBFD81E6}.Development Editor|Win32.ActiveCfg = BuiltWithUnrealBuildTool|Win32
		{26F16734-C22B-4C51-B7DA-8D70DBFD81E6}.Development Editor|Win64.ActiveCfg = BuiltWithUnrealBuildTool|Win32
		{26F16734-C22B-4C51-B7DA-8D70DBFD81E6}.Development|Android.ActiveCfg = BuiltWithUnrealBuildTool|Win32
		{26F16734-C22B-4C51-B7DA-8D70DBFD81E6}.Development|Linux.ActiveCfg = BuiltWithUnrealBuildTool|Win32
		{26F16734-C22B-4C51-B7DA-8D70DBFD81E6}.Development|Win32.ActiveCfg = BuiltWithUnrealBuildTool|Win32
		{26F16734-C22B-4C51-B7DA-8D70DBFD81E6}.Development|Win64.ActiveCfg = BuiltWithUnrealBuildTool|Win32
		{26F16734-C22B-4C51-B7DA-8D70DBFD81E6}.Shipping|Android.ActiveCfg = BuiltWithUnrealBuildTool|Win32
		{26F16734-C22B-4C51-B7DA-8D70DBFD81E6}.Shipping|Linux.ActiveCfg = BuiltWithUnrealBuildTool|Win32
		{26F16734-C22B-4C51-B7DA-8D70DBFD81E6}.Shipping|Win32.ActiveCfg = BuiltWithUnrealBuildTool|Win32
		{26F16734-C22B-4C51-B7DA-8D70DBFD81E6}.Shipping|Win64.ActiveCfg = BuiltWithUnrealBuildTool|Win32
		{A5FE6CEA-92B1-4C29-B145-9901440A61E2}.DebugGame Editor|Android.ActiveCfg = Invalid|Win32
		{A5FE6CEA-92B1-4C29-B145-9901440A61E2}.DebugGame Editor|Linux.ActiveCfg = Linux_DebugGame_Editor|Win32
		{A5FE6CEA-92B1-4C29-B145-9901440A61E2}.DebugGame Editor|Linux.Build.0 = Linux_DebugGame_Editor|Win32
		{A5FE6CEA-92B1-4C29-B145-9901440A61E2}.DebugGame Editor|Win32.ActiveCfg = Invalid|Win32
		{A5FE6CEA-92B1-4C29-B145-9901440A61E2}.DebugGame Editor|Win64.ActiveCfg = DebugGame_Editor|x64
		{A5FE6CEA-92B1-4C29-B145-9901440A61E2}.DebugGame Editor|Win64.Build.0 = DebugGame_Editor|x64
		{A5FE6CEA-92B1-4C29-B145-9901440A61E2}.DebugGame|Android.ActiveCfg = Android_DebugGame|Win32
		{A5FE6CEA-92B1-4C29-B145-9901440A61E2}.DebugGame|Android.Build.0 = Android_DebugGame|Win32
		{A5FE6CEA-92B1-4C29-B145-9901440A61E2}.DebugGame|Linux.ActiveCfg = Linux_DebugGame|Win32
		{A5FE6CEA-92B1-4C29-B145-9901440A61E2}.DebugGame|Linux.Build.0 = Linux_DebugGame|Win32
		{A5FE6CEA-92B1-4C29-B145-9901440A61E2}.DebugGame|Win32.ActiveCfg = DebugGame|Win32
		{A5FE6CEA-92B1-4C29-B145-9901440A61E2}.DebugGame|Win32.Build.0 = DebugGame|Win32
		{A5FE6CEA-92B1-4C29-B145-9901440A61E2}.DebugGame|Win64.ActiveCfg = DebugGame|x64
		{A5FE6CEA-92B1-4C29-B145-9901440A61E2}.DebugGame|Win64.Build.0 = DebugGame|x64
		{A5FE6CEA-92B1-4C29-B145-9901440A61E2}.Development Editor|Android.ActiveCfg = Invalid|Win32
		{A5FE6CEA-92B1-4C29-B145-9901440A61E2}.Development Editor|Linux.ActiveCfg = Linux_Development_Editor|Win32
		{A5FE6CEA-92B1-4C29-B145-9901440A61E2}.Development Editor|Linux.Build.0 = Linux_Development_Editor|Win32
		{A5FE6CEA-92B1-4C29-B145-9901440A61E2}.Development Editor|Win32.ActiveCfg = Invalid|Win32
		{A5FE6CEA-92B1-4C29-B145-9901440A61E2}.Development Editor|Win64.ActiveCfg = Development_Editor|x64
		{A5FE6CEA-92B1-4C29-B145-9901440A61E2}.Development Editor|Win64.Build.0 = Development_Editor|x64
		{A5FE6CEA-92B1-4C29-B145-9901440A61E2}.Development|Android.ActiveCfg = Android_Development|Win32
		{A5FE6CEA-92B1-4C29-B145-9901440A61E2}.Development|Android.Build.0 = Android_Development|Win32
		{A5FE6CEA-92B1-4C29-B145-9901440A61E2}.Development|Linux.ActiveCfg = Linux_Development|Win32
		{A5FE6CEA-92B1-4C29-B145-9901440A61E2}.Development|Linux.Build.0 = Linux_Development|Win32
		{A5FE6CEA-92B1-4C29-B145-9901440A61E2}.Development|Win32.ActiveCfg = Development|Win32
		{A5FE6CEA-92B1-4C29-B145-9901440A61E2}.Development|Win32.Build.0 = Development|Win32
		{A5FE6CEA-92B1-4C29-B145-9901440A61E2}.Development|Win64.ActiveCfg = Development|x64
		{A5FE6CEA-92B1-4C29-B145-9901440A61E2}.Development|Win64.Build.0 = Development|x64
		{A5FE6CEA-92B1-4C29-B145-9901440A61E2}.Shipping|Android.ActiveCfg = Android_Shipping|Win32
		{A5FE6CEA-92B1-4C29-B145-9901440A61E2}.Shipping|Android.Build.0 = Android_Shipping|Win32
		{A5FE6CEA-92B1-4C29-B145-9901440A61E2}.Shipping|Linux.ActiveCfg = Linux_Shipping|Win32
		{A5FE6CEA-92B1-4C29-B145-9901440A61E2}.Shipping|Linux.Build.0 = Linux_Shipping|Win32
		{A5FE6CEA-92B1-4C29-B145-9901440A61E2}.Shipping|Win32.ActiveCfg = Shipping|Win32
		{A5FE6CEA-92B1-4C29-B145-9901440A61E2}.Shipping|Win32.Build.0 = Shipping|Win32
		{A5FE6CEA-92B1-4C29-B145-9901440A61E2}.Shipping|Win64.ActiveCfg = Shipping|x64
		{A5FE6CEA-92B1-4C29-B145-9901440A61E2}.Shipping|Win64.Build.0 = Shipping|x64
	EndGlobalSection
	GlobalSection(SolutionProperties) = preSolution
		HideSolutionNode = FALSE
	EndGlobalSection
	GlobalSection(NestedProjects) = preSolution
		{26F16734-C22B-4C51-B7DA-8D70DBFD81E6} = {C9D320FA-CDAC-49BB-8CB7-9BA8EF935DD8}
		{A5FE6CEA-92B1-4C29-B145-9901440A61E2} = {153473AA-C674-4C03-9F34-5C2069358203}
	EndGlobalSection
EndGlobal
