
Microsoft Visual Studio Solution File, Format Version 12.00
# Visual Studio Version 16
VisualStudioVersion = 16.0.28315.86
MinimumVisualStudioVersion = 10.0.40219.1
Project("{2150E333-8FDC-42A3-9474-1A3956D46DE8}") = "Engine", "Engine", "{CC6F0A34-F906-4914-ABC6-415A95FADC65}"
EndProject
Project("{2150E333-8FDC-42A3-9474-1A3956D46DE8}") = "Games", "Games", "{55737FEF-7675-485C-8CC6-94584AC304B7}"
EndProject
Project("{8BC9CEB8-8B4A-11D0-8D11-00A0C91BC942}") = "UE4", "Intermediate\ProjectFiles\UE4.vcxproj", "{1A97D532-2470-48FC-8C8A-E8E32FF015D0}"
EndProject
Project("{8BC9CEB8-8B4A-11D0-8D11-00A0C91BC942}") = "beatRush", "Intermediate\ProjectFiles\beatRush.vcxproj", "{965738D8-AD61-44C8-AEF3-D7C0066E9C8E}"
EndProject
Project("{2150E333-8FDC-42A3-9474-1A3956D46DE8}") = "Visualizers", "Visualizers", "{5FB25A39-DA70-422E-993B-BFEF2B0C64D3}"
	ProjectSection(SolutionItems) = preProject
		..\..\..\Epic Games\UE_4.24\Engine\Extras\VisualStudioDebugging\UE4.natvis = ..\..\..\Epic Games\UE_4.24\Engine\Extras\VisualStudioDebugging\UE4.natvis
	EndProjectSection
EndProject
Global
	GlobalSection(SolutionConfigurationPlatforms) = preSolution
		DebugGame Editor|Android = DebugGame Editor|Android
		DebugGame Editor|Linux = DebugGame Editor|Linux
		DebugGame Editor|LinuxAArch64 = DebugGame Editor|LinuxAArch64
		DebugGame Editor|Win32 = DebugGame Editor|Win32
		DebugGame Editor|Win64 = DebugGame Editor|Win64
		DebugGame|Android = DebugGame|Android
		DebugGame|Linux = DebugGame|Linux
		DebugGame|LinuxAArch64 = DebugGame|LinuxAArch64
		DebugGame|Win32 = DebugGame|Win32
		DebugGame|Win64 = DebugGame|Win64
		Development Editor|Android = Development Editor|Android
		Development Editor|Linux = Development Editor|Linux
		Development Editor|LinuxAArch64 = Development Editor|LinuxAArch64
		Development Editor|Win32 = Development Editor|Win32
		Development Editor|Win64 = Development Editor|Win64
		Development|Android = Development|Android
		Development|Linux = Development|Linux
		Development|LinuxAArch64 = Development|LinuxAArch64
		Development|Win32 = Development|Win32
		Development|Win64 = Development|Win64
		Shipping|Android = Shipping|Android
		Shipping|Linux = Shipping|Linux
		Shipping|LinuxAArch64 = Shipping|LinuxAArch64
		Shipping|Win32 = Shipping|Win32
		Shipping|Win64 = Shipping|Win64
	EndGlobalSection
	GlobalSection(ProjectConfigurationPlatforms) = postSolution
		{1A97D532-2470-48FC-8C8A-E8E32FF015D0}.DebugGame Editor|Android.ActiveCfg = BuiltWithUnrealBuildTool|Win32
		{1A97D532-2470-48FC-8C8A-E8E32FF015D0}.DebugGame Editor|Linux.ActiveCfg = BuiltWithUnrealBuildTool|Win32
		{1A97D532-2470-48FC-8C8A-E8E32FF015D0}.DebugGame Editor|LinuxAArch64.ActiveCfg = BuiltWithUnrealBuildTool|Win32
		{1A97D532-2470-48FC-8C8A-E8E32FF015D0}.DebugGame Editor|Win32.ActiveCfg = BuiltWithUnrealBuildTool|Win32
		{1A97D532-2470-48FC-8C8A-E8E32FF015D0}.DebugGame Editor|Win64.ActiveCfg = BuiltWithUnrealBuildTool|Win32
		{1A97D532-2470-48FC-8C8A-E8E32FF015D0}.DebugGame|Android.ActiveCfg = BuiltWithUnrealBuildTool|Win32
		{1A97D532-2470-48FC-8C8A-E8E32FF015D0}.DebugGame|Linux.ActiveCfg = BuiltWithUnrealBuildTool|Win32
		{1A97D532-2470-48FC-8C8A-E8E32FF015D0}.DebugGame|LinuxAArch64.ActiveCfg = BuiltWithUnrealBuildTool|Win32
		{1A97D532-2470-48FC-8C8A-E8E32FF015D0}.DebugGame|Win32.ActiveCfg = BuiltWithUnrealBuildTool|Win32
		{1A97D532-2470-48FC-8C8A-E8E32FF015D0}.DebugGame|Win64.ActiveCfg = BuiltWithUnrealBuildTool|Win32
		{1A97D532-2470-48FC-8C8A-E8E32FF015D0}.Development Editor|Android.ActiveCfg = BuiltWithUnrealBuildTool|Win32
		{1A97D532-2470-48FC-8C8A-E8E32FF015D0}.Development Editor|Linux.ActiveCfg = BuiltWithUnrealBuildTool|Win32
		{1A97D532-2470-48FC-8C8A-E8E32FF015D0}.Development Editor|LinuxAArch64.ActiveCfg = BuiltWithUnrealBuildTool|Win32
		{1A97D532-2470-48FC-8C8A-E8E32FF015D0}.Development Editor|Win32.ActiveCfg = BuiltWithUnrealBuildTool|Win32
		{1A97D532-2470-48FC-8C8A-E8E32FF015D0}.Development Editor|Win64.ActiveCfg = BuiltWithUnrealBuildTool|Win32
		{1A97D532-2470-48FC-8C8A-E8E32FF015D0}.Development|Android.ActiveCfg = BuiltWithUnrealBuildTool|Win32
		{1A97D532-2470-48FC-8C8A-E8E32FF015D0}.Development|Linux.ActiveCfg = BuiltWithUnrealBuildTool|Win32
		{1A97D532-2470-48FC-8C8A-E8E32FF015D0}.Development|LinuxAArch64.ActiveCfg = BuiltWithUnrealBuildTool|Win32
		{1A97D532-2470-48FC-8C8A-E8E32FF015D0}.Development|Win32.ActiveCfg = BuiltWithUnrealBuildTool|Win32
		{1A97D532-2470-48FC-8C8A-E8E32FF015D0}.Development|Win64.ActiveCfg = BuiltWithUnrealBuildTool|Win32
		{1A97D532-2470-48FC-8C8A-E8E32FF015D0}.Shipping|Android.ActiveCfg = BuiltWithUnrealBuildTool|Win32
		{1A97D532-2470-48FC-8C8A-E8E32FF015D0}.Shipping|Linux.ActiveCfg = BuiltWithUnrealBuildTool|Win32
		{1A97D532-2470-48FC-8C8A-E8E32FF015D0}.Shipping|LinuxAArch64.ActiveCfg = BuiltWithUnrealBuildTool|Win32
		{1A97D532-2470-48FC-8C8A-E8E32FF015D0}.Shipping|Win32.ActiveCfg = BuiltWithUnrealBuildTool|Win32
		{1A97D532-2470-48FC-8C8A-E8E32FF015D0}.Shipping|Win64.ActiveCfg = BuiltWithUnrealBuildTool|Win32
		{965738D8-AD61-44C8-AEF3-D7C0066E9C8E}.DebugGame Editor|Android.ActiveCfg = Invalid|Win32
		{965738D8-AD61-44C8-AEF3-D7C0066E9C8E}.DebugGame Editor|Linux.ActiveCfg = Linux_DebugGame_Editor|Win32
		{965738D8-AD61-44C8-AEF3-D7C0066E9C8E}.DebugGame Editor|Linux.Build.0 = Linux_DebugGame_Editor|Win32
		{965738D8-AD61-44C8-AEF3-D7C0066E9C8E}.DebugGame Editor|LinuxAArch64.ActiveCfg = Invalid|Win32
		{965738D8-AD61-44C8-AEF3-D7C0066E9C8E}.DebugGame Editor|Win32.ActiveCfg = Invalid|Win32
		{965738D8-AD61-44C8-AEF3-D7C0066E9C8E}.DebugGame Editor|Win64.ActiveCfg = DebugGame_Editor|x64
		{965738D8-AD61-44C8-AEF3-D7C0066E9C8E}.DebugGame Editor|Win64.Build.0 = DebugGame_Editor|x64
		{965738D8-AD61-44C8-AEF3-D7C0066E9C8E}.DebugGame|Android.ActiveCfg = Android_DebugGame|Win32
		{965738D8-AD61-44C8-AEF3-D7C0066E9C8E}.DebugGame|Android.Build.0 = Android_DebugGame|Win32
		{965738D8-AD61-44C8-AEF3-D7C0066E9C8E}.DebugGame|Linux.ActiveCfg = Linux_DebugGame|Win32
		{965738D8-AD61-44C8-AEF3-D7C0066E9C8E}.DebugGame|Linux.Build.0 = Linux_DebugGame|Win32
		{965738D8-AD61-44C8-AEF3-D7C0066E9C8E}.DebugGame|LinuxAArch64.ActiveCfg = LinuxAArch64_DebugGame|Win32
		{965738D8-AD61-44C8-AEF3-D7C0066E9C8E}.DebugGame|LinuxAArch64.Build.0 = LinuxAArch64_DebugGame|Win32
		{965738D8-AD61-44C8-AEF3-D7C0066E9C8E}.DebugGame|Win32.ActiveCfg = DebugGame|Win32
		{965738D8-AD61-44C8-AEF3-D7C0066E9C8E}.DebugGame|Win32.Build.0 = DebugGame|Win32
		{965738D8-AD61-44C8-AEF3-D7C0066E9C8E}.DebugGame|Win64.ActiveCfg = DebugGame|x64
		{965738D8-AD61-44C8-AEF3-D7C0066E9C8E}.DebugGame|Win64.Build.0 = DebugGame|x64
		{965738D8-AD61-44C8-AEF3-D7C0066E9C8E}.Development Editor|Android.ActiveCfg = Invalid|Win32
		{965738D8-AD61-44C8-AEF3-D7C0066E9C8E}.Development Editor|Linux.ActiveCfg = Linux_Development_Editor|Win32
		{965738D8-AD61-44C8-AEF3-D7C0066E9C8E}.Development Editor|Linux.Build.0 = Linux_Development_Editor|Win32
		{965738D8-AD61-44C8-AEF3-D7C0066E9C8E}.Development Editor|LinuxAArch64.ActiveCfg = Invalid|Win32
		{965738D8-AD61-44C8-AEF3-D7C0066E9C8E}.Development Editor|Win32.ActiveCfg = Invalid|Win32
		{965738D8-AD61-44C8-AEF3-D7C0066E9C8E}.Development Editor|Win64.ActiveCfg = Development_Editor|x64
		{965738D8-AD61-44C8-AEF3-D7C0066E9C8E}.Development Editor|Win64.Build.0 = Development_Editor|x64
		{965738D8-AD61-44C8-AEF3-D7C0066E9C8E}.Development|Android.ActiveCfg = Android_Development|Win32
		{965738D8-AD61-44C8-AEF3-D7C0066E9C8E}.Development|Android.Build.0 = Android_Development|Win32
		{965738D8-AD61-44C8-AEF3-D7C0066E9C8E}.Development|Linux.ActiveCfg = Linux_Development|Win32
		{965738D8-AD61-44C8-AEF3-D7C0066E9C8E}.Development|Linux.Build.0 = Linux_Development|Win32
		{965738D8-AD61-44C8-AEF3-D7C0066E9C8E}.Development|LinuxAArch64.ActiveCfg = LinuxAArch64_Development|Win32
		{965738D8-AD61-44C8-AEF3-D7C0066E9C8E}.Development|LinuxAArch64.Build.0 = LinuxAArch64_Development|Win32
		{965738D8-AD61-44C8-AEF3-D7C0066E9C8E}.Development|Win32.ActiveCfg = Development|Win32
		{965738D8-AD61-44C8-AEF3-D7C0066E9C8E}.Development|Win32.Build.0 = Development|Win32
		{965738D8-AD61-44C8-AEF3-D7C0066E9C8E}.Development|Win64.ActiveCfg = Development|x64
		{965738D8-AD61-44C8-AEF3-D7C0066E9C8E}.Development|Win64.Build.0 = Development|x64
		{965738D8-AD61-44C8-AEF3-D7C0066E9C8E}.Shipping|Android.ActiveCfg = Android_Shipping|Win32
		{965738D8-AD61-44C8-AEF3-D7C0066E9C8E}.Shipping|Android.Build.0 = Android_Shipping|Win32
		{965738D8-AD61-44C8-AEF3-D7C0066E9C8E}.Shipping|Linux.ActiveCfg = Linux_Shipping|Win32
		{965738D8-AD61-44C8-AEF3-D7C0066E9C8E}.Shipping|Linux.Build.0 = Linux_Shipping|Win32
		{965738D8-AD61-44C8-AEF3-D7C0066E9C8E}.Shipping|LinuxAArch64.ActiveCfg = LinuxAArch64_Shipping|Win32
		{965738D8-AD61-44C8-AEF3-D7C0066E9C8E}.Shipping|LinuxAArch64.Build.0 = LinuxAArch64_Shipping|Win32
		{965738D8-AD61-44C8-AEF3-D7C0066E9C8E}.Shipping|Win32.ActiveCfg = Shipping|Win32
		{965738D8-AD61-44C8-AEF3-D7C0066E9C8E}.Shipping|Win32.Build.0 = Shipping|Win32
		{965738D8-AD61-44C8-AEF3-D7C0066E9C8E}.Shipping|Win64.ActiveCfg = Shipping|x64
		{965738D8-AD61-44C8-AEF3-D7C0066E9C8E}.Shipping|Win64.Build.0 = Shipping|x64
	EndGlobalSection
	GlobalSection(SolutionProperties) = preSolution
		HideSolutionNode = FALSE
	EndGlobalSection
	GlobalSection(NestedProjects) = preSolution
		{1A97D532-2470-48FC-8C8A-E8E32FF015D0} = {CC6F0A34-F906-4914-ABC6-415A95FADC65}
		{965738D8-AD61-44C8-AEF3-D7C0066E9C8E} = {55737FEF-7675-485C-8CC6-94584AC304B7}
	EndGlobalSection
EndGlobal
