
Microsoft Visual Studio Solution File, Format Version 12.00
# Visual Studio Version 16
VisualStudioVersion = 16.0.28315.86
MinimumVisualStudioVersion = 10.0.40219.1
Project("{2150E333-8FDC-42A3-9474-1A3956D46DE8}") = "Engine", "Engine", "{92F25573-16F2-4C0A-BA95-2AA59C9FB569}"
EndProject
Project("{2150E333-8FDC-42A3-9474-1A3956D46DE8}") = "Games", "Games", "{8AFB73DC-8F0F-47B4-8227-BED7EAA9BC5C}"
EndProject
Project("{8BC9CEB8-8B4A-11D0-8D11-00A0C91BC942}") = "UE4", "Intermediate\ProjectFiles\UE4.vcxproj", "{A5E62451-9E44-4C5F-ADB1-45A410675B8B}"
EndProject
Project("{8BC9CEB8-8B4A-11D0-8D11-00A0C91BC942}") = "beatRush", "Intermediate\ProjectFiles\beatRush.vcxproj", "{3CD775A0-4F13-477A-B117-E2DDFF7F86EB}"
EndProject
Project("{2150E333-8FDC-42A3-9474-1A3956D46DE8}") = "Visualizers", "Visualizers", "{F6835BCD-A35D-4A05-9634-BC069986B534}"
	ProjectSection(SolutionItems) = preProject
		..\..\..\Epic Games\UE_4.24\Engine\Extras\VisualStudioDebugging\UE4.natvis = ..\..\..\Epic Games\UE_4.24\Engine\Extras\VisualStudioDebugging\UE4.natvis
	EndProjectSection
EndProject
Global
	GlobalSection(SolutionConfigurationPlatforms) = preSolution
		DebugGame Editor|Android = DebugGame Editor|Android
		DebugGame Editor|Linux = DebugGame Editor|Linux
		DebugGame Editor|LinuxAArch64 = DebugGame Editor|LinuxAArch64
		DebugGame Editor|Win32 = DebugGame Editor|Win32
		DebugGame Editor|Win64 = DebugGame Editor|Win64
		DebugGame|Android = DebugGame|Android
		DebugGame|Linux = DebugGame|Linux
		DebugGame|LinuxAArch64 = DebugGame|LinuxAArch64
		DebugGame|Win32 = DebugGame|Win32
		DebugGame|Win64 = DebugGame|Win64
		Development Editor|Android = Development Editor|Android
		Development Editor|Linux = Development Editor|Linux
		Development Editor|LinuxAArch64 = Development Editor|LinuxAArch64
		Development Editor|Win32 = Development Editor|Win32
		Development Editor|Win64 = Development Editor|Win64
		Development|Android = Development|Android
		Development|Linux = Development|Linux
		Development|LinuxAArch64 = Development|LinuxAArch64
		Development|Win32 = Development|Win32
		Development|Win64 = Development|Win64
		Shipping|Android = Shipping|Android
		Shipping|Linux = Shipping|Linux
		Shipping|LinuxAArch64 = Shipping|LinuxAArch64
		Shipping|Win32 = Shipping|Win32
		Shipping|Win64 = Shipping|Win64
	EndGlobalSection
	GlobalSection(ProjectConfigurationPlatforms) = postSolution
		{A5E62451-9E44-4C5F-ADB1-45A410675B8B}.DebugGame Editor|Android.ActiveCfg = BuiltWithUnrealBuildTool|Win32
		{A5E62451-9E44-4C5F-ADB1-45A410675B8B}.DebugGame Editor|Linux.ActiveCfg = BuiltWithUnrealBuildTool|Win32
		{A5E62451-9E44-4C5F-ADB1-45A410675B8B}.DebugGame Editor|LinuxAArch64.ActiveCfg = BuiltWithUnrealBuildTool|Win32
		{A5E62451-9E44-4C5F-ADB1-45A410675B8B}.DebugGame Editor|Win32.ActiveCfg = BuiltWithUnrealBuildTool|Win32
		{A5E62451-9E44-4C5F-ADB1-45A410675B8B}.DebugGame Editor|Win64.ActiveCfg = BuiltWithUnrealBuildTool|Win32
		{A5E62451-9E44-4C5F-ADB1-45A410675B8B}.DebugGame|Android.ActiveCfg = BuiltWithUnrealBuildTool|Win32
		{A5E62451-9E44-4C5F-ADB1-45A410675B8B}.DebugGame|Linux.ActiveCfg = BuiltWithUnrealBuildTool|Win32
		{A5E62451-9E44-4C5F-ADB1-45A410675B8B}.DebugGame|LinuxAArch64.ActiveCfg = BuiltWithUnrealBuildTool|Win32
		{A5E62451-9E44-4C5F-ADB1-45A410675B8B}.DebugGame|Win32.ActiveCfg = BuiltWithUnrealBuildTool|Win32
		{A5E62451-9E44-4C5F-ADB1-45A410675B8B}.DebugGame|Win64.ActiveCfg = BuiltWithUnrealBuildTool|Win32
		{A5E62451-9E44-4C5F-ADB1-45A410675B8B}.Development Editor|Android.ActiveCfg = BuiltWithUnrealBuildTool|Win32
		{A5E62451-9E44-4C5F-ADB1-45A410675B8B}.Development Editor|Linux.ActiveCfg = BuiltWithUnrealBuildTool|Win32
		{A5E62451-9E44-4C5F-ADB1-45A410675B8B}.Development Editor|LinuxAArch64.ActiveCfg = BuiltWithUnrealBuildTool|Win32
		{A5E62451-9E44-4C5F-ADB1-45A410675B8B}.Development Editor|Win32.ActiveCfg = BuiltWithUnrealBuildTool|Win32
		{A5E62451-9E44-4C5F-ADB1-45A410675B8B}.Development Editor|Win64.ActiveCfg = BuiltWithUnrealBuildTool|Win32
		{A5E62451-9E44-4C5F-ADB1-45A410675B8B}.Development|Android.ActiveCfg = BuiltWithUnrealBuildTool|Win32
		{A5E62451-9E44-4C5F-ADB1-45A410675B8B}.Development|Linux.ActiveCfg = BuiltWithUnrealBuildTool|Win32
		{A5E62451-9E44-4C5F-ADB1-45A410675B8B}.Development|LinuxAArch64.ActiveCfg = BuiltWithUnrealBuildTool|Win32
		{A5E62451-9E44-4C5F-ADB1-45A410675B8B}.Development|Win32.ActiveCfg = BuiltWithUnrealBuildTool|Win32
		{A5E62451-9E44-4C5F-ADB1-45A410675B8B}.Development|Win64.ActiveCfg = BuiltWithUnrealBuildTool|Win32
		{A5E62451-9E44-4C5F-ADB1-45A410675B8B}.Shipping|Android.ActiveCfg = BuiltWithUnrealBuildTool|Win32
		{A5E62451-9E44-4C5F-ADB1-45A410675B8B}.Shipping|Linux.ActiveCfg = BuiltWithUnrealBuildTool|Win32
		{A5E62451-9E44-4C5F-ADB1-45A410675B8B}.Shipping|LinuxAArch64.ActiveCfg = BuiltWithUnrealBuildTool|Win32
		{A5E62451-9E44-4C5F-ADB1-45A410675B8B}.Shipping|Win32.ActiveCfg = BuiltWithUnrealBuildTool|Win32
		{A5E62451-9E44-4C5F-ADB1-45A410675B8B}.Shipping|Win64.ActiveCfg = BuiltWithUnrealBuildTool|Win32
		{3CD775A0-4F13-477A-B117-E2DDFF7F86EB}.DebugGame Editor|Android.ActiveCfg = Invalid|Win32
		{3CD775A0-4F13-477A-B117-E2DDFF7F86EB}.DebugGame Editor|Linux.ActiveCfg = Linux_DebugGame_Editor|Win32
		{3CD775A0-4F13-477A-B117-E2DDFF7F86EB}.DebugGame Editor|Linux.Build.0 = Linux_DebugGame_Editor|Win32
		{3CD775A0-4F13-477A-B117-E2DDFF7F86EB}.DebugGame Editor|LinuxAArch64.ActiveCfg = Invalid|Win32
		{3CD775A0-4F13-477A-B117-E2DDFF7F86EB}.DebugGame Editor|Win32.ActiveCfg = Invalid|Win32
		{3CD775A0-4F13-477A-B117-E2DDFF7F86EB}.DebugGame Editor|Win64.ActiveCfg = DebugGame_Editor|x64
		{3CD775A0-4F13-477A-B117-E2DDFF7F86EB}.DebugGame Editor|Win64.Build.0 = DebugGame_Editor|x64
		{3CD775A0-4F13-477A-B117-E2DDFF7F86EB}.DebugGame|Android.ActiveCfg = Android_DebugGame|Win32
		{3CD775A0-4F13-477A-B117-E2DDFF7F86EB}.DebugGame|Android.Build.0 = Android_DebugGame|Win32
		{3CD775A0-4F13-477A-B117-E2DDFF7F86EB}.DebugGame|Linux.ActiveCfg = Linux_DebugGame|Win32
		{3CD775A0-4F13-477A-B117-E2DDFF7F86EB}.DebugGame|Linux.Build.0 = Linux_DebugGame|Win32
		{3CD775A0-4F13-477A-B117-E2DDFF7F86EB}.DebugGame|LinuxAArch64.ActiveCfg = LinuxAArch64_DebugGame|Win32
		{3CD775A0-4F13-477A-B117-E2DDFF7F86EB}.DebugGame|LinuxAArch64.Build.0 = LinuxAArch64_DebugGame|Win32
		{3CD775A0-4F13-477A-B117-E2DDFF7F86EB}.DebugGame|Win32.ActiveCfg = DebugGame|Win32
		{3CD775A0-4F13-477A-B117-E2DDFF7F86EB}.DebugGame|Win32.Build.0 = DebugGame|Win32
		{3CD775A0-4F13-477A-B117-E2DDFF7F86EB}.DebugGame|Win64.ActiveCfg = DebugGame|x64
		{3CD775A0-4F13-477A-B117-E2DDFF7F86EB}.DebugGame|Win64.Build.0 = DebugGame|x64
		{3CD775A0-4F13-477A-B117-E2DDFF7F86EB}.Development Editor|Android.ActiveCfg = Invalid|Win32
		{3CD775A0-4F13-477A-B117-E2DDFF7F86EB}.Development Editor|Linux.ActiveCfg = Linux_Development_Editor|Win32
		{3CD775A0-4F13-477A-B117-E2DDFF7F86EB}.Development Editor|Linux.Build.0 = Linux_Development_Editor|Win32
		{3CD775A0-4F13-477A-B117-E2DDFF7F86EB}.Development Editor|LinuxAArch64.ActiveCfg = Invalid|Win32
		{3CD775A0-4F13-477A-B117-E2DDFF7F86EB}.Development Editor|Win32.ActiveCfg = Invalid|Win32
		{3CD775A0-4F13-477A-B117-E2DDFF7F86EB}.Development Editor|Win64.ActiveCfg = Development_Editor|x64
		{3CD775A0-4F13-477A-B117-E2DDFF7F86EB}.Development Editor|Win64.Build.0 = Development_Editor|x64
		{3CD775A0-4F13-477A-B117-E2DDFF7F86EB}.Development|Android.ActiveCfg = Android_Development|Win32
		{3CD775A0-4F13-477A-B117-E2DDFF7F86EB}.Development|Android.Build.0 = Android_Development|Win32
		{3CD775A0-4F13-477A-B117-E2DDFF7F86EB}.Development|Linux.ActiveCfg = Linux_Development|Win32
		{3CD775A0-4F13-477A-B117-E2DDFF7F86EB}.Development|Linux.Build.0 = Linux_Development|Win32
		{3CD775A0-4F13-477A-B117-E2DDFF7F86EB}.Development|LinuxAArch64.ActiveCfg = LinuxAArch64_Development|Win32
		{3CD775A0-4F13-477A-B117-E2DDFF7F86EB}.Development|LinuxAArch64.Build.0 = LinuxAArch64_Development|Win32
		{3CD775A0-4F13-477A-B117-E2DDFF7F86EB}.Development|Win32.ActiveCfg = Development|Win32
		{3CD775A0-4F13-477A-B117-E2DDFF7F86EB}.Development|Win32.Build.0 = Development|Win32
		{3CD775A0-4F13-477A-B117-E2DDFF7F86EB}.Development|Win64.ActiveCfg = Development|x64
		{3CD775A0-4F13-477A-B117-E2DDFF7F86EB}.Development|Win64.Build.0 = Development|x64
		{3CD775A0-4F13-477A-B117-E2DDFF7F86EB}.Shipping|Android.ActiveCfg = Android_Shipping|Win32
		{3CD775A0-4F13-477A-B117-E2DDFF7F86EB}.Shipping|Android.Build.0 = Android_Shipping|Win32
		{3CD775A0-4F13-477A-B117-E2DDFF7F86EB}.Shipping|Linux.ActiveCfg = Linux_Shipping|Win32
		{3CD775A0-4F13-477A-B117-E2DDFF7F86EB}.Shipping|Linux.Build.0 = Linux_Shipping|Win32
		{3CD775A0-4F13-477A-B117-E2DDFF7F86EB}.Shipping|LinuxAArch64.ActiveCfg = LinuxAArch64_Shipping|Win32
		{3CD775A0-4F13-477A-B117-E2DDFF7F86EB}.Shipping|LinuxAArch64.Build.0 = LinuxAArch64_Shipping|Win32
		{3CD775A0-4F13-477A-B117-E2DDFF7F86EB}.Shipping|Win32.ActiveCfg = Shipping|Win32
		{3CD775A0-4F13-477A-B117-E2DDFF7F86EB}.Shipping|Win32.Build.0 = Shipping|Win32
		{3CD775A0-4F13-477A-B117-E2DDFF7F86EB}.Shipping|Win64.ActiveCfg = Shipping|x64
		{3CD775A0-4F13-477A-B117-E2DDFF7F86EB}.Shipping|Win64.Build.0 = Shipping|x64
	EndGlobalSection
	GlobalSection(SolutionProperties) = preSolution
		HideSolutionNode = FALSE
	EndGlobalSection
	GlobalSection(NestedProjects) = preSolution
		{A5E62451-9E44-4C5F-ADB1-45A410675B8B} = {92F25573-16F2-4C0A-BA95-2AA59C9FB569}
		{3CD775A0-4F13-477A-B117-E2DDFF7F86EB} = {8AFB73DC-8F0F-47B4-8227-BED7EAA9BC5C}
	EndGlobalSection
EndGlobal
